// !$*UTF8*$!
{
	archiveVersion = 1;
	classes = {
	};
	objectVersion = 46;
	objects = {

/* Begin PBXBuildFile section */
		7811CD711E9F2510007AAEF3 /* CollectionHeaderView.swift in Sources */ = {isa = PBXBuildFile; fileRef = 7811CD6F1E9F2510007AAEF3 /* CollectionHeaderView.swift */; };
		7811CD721E9F2510007AAEF3 /* CollectionHeaderView.xib in Resources */ = {isa = PBXBuildFile; fileRef = 7811CD701E9F2510007AAEF3 /* CollectionHeaderView.xib */; };
		7811CD751E9F28F3007AAEF3 /* CollectionNormalCell.swift in Sources */ = {isa = PBXBuildFile; fileRef = 7811CD731E9F28F3007AAEF3 /* CollectionNormalCell.swift */; };
		7811CD761E9F28F3007AAEF3 /* CollectionNormalCell.xib in Resources */ = {isa = PBXBuildFile; fileRef = 7811CD741E9F28F3007AAEF3 /* CollectionNormalCell.xib */; };
		7811CD791E9F3137007AAEF3 /* CollectionPrettyCell.swift in Sources */ = {isa = PBXBuildFile; fileRef = 7811CD771E9F3137007AAEF3 /* CollectionPrettyCell.swift */; };
		7811CD7A1E9F3137007AAEF3 /* CollectionPrettyCell.xib in Resources */ = {isa = PBXBuildFile; fileRef = 7811CD781E9F3137007AAEF3 /* CollectionPrettyCell.xib */; };
		7811CD7C1E9F4B36007AAEF3 /* NetworkTools.swift in Sources */ = {isa = PBXBuildFile; fileRef = 7811CD7B1E9F4B36007AAEF3 /* NetworkTools.swift */; };
		7811CD7E1E9F59CE007AAEF3 /* RecommendViewModel.swift in Sources */ = {isa = PBXBuildFile; fileRef = 7811CD7D1E9F59CE007AAEF3 /* RecommendViewModel.swift */; };
		7811CD801E9F5AD4007AAEF3 /* NSDate-Extension.swift in Sources */ = {isa = PBXBuildFile; fileRef = 7811CD7F1E9F5AD4007AAEF3 /* NSDate-Extension.swift */; };
		7811CD821E9F7A3C007AAEF3 /* AnchorGroup.swift in Sources */ = {isa = PBXBuildFile; fileRef = 7811CD811E9F7A3C007AAEF3 /* AnchorGroup.swift */; };
		7811CD841E9F8078007AAEF3 /* AnchorModel.swift in Sources */ = {isa = PBXBuildFile; fileRef = 7811CD831E9F8078007AAEF3 /* AnchorModel.swift */; };
		782C34491E0D1187001C2ED5 /* PageContentView.swift in Sources */ = {isa = PBXBuildFile; fileRef = 782C34481E0D1187001C2ED5 /* PageContentView.swift */; };
		782C344B1E0D1937001C2ED5 /* UIColor-Extension.swift in Sources */ = {isa = PBXBuildFile; fileRef = 782C344A1E0D1937001C2ED5 /* UIColor-Extension.swift */; };
		7856C4901ECED3F30052738F /* CollectionBaseCell.swift in Sources */ = {isa = PBXBuildFile; fileRef = 7856C48F1ECED3F30052738F /* CollectionBaseCell.swift */; };
		786F48691DE29AA200BA6200 /* AppDelegate.swift in Sources */ = {isa = PBXBuildFile; fileRef = 786F48681DE29AA200BA6200 /* AppDelegate.swift */; };
		786F486E1DE29AA200BA6200 /* Main.storyboard in Resources */ = {isa = PBXBuildFile; fileRef = 786F486C1DE29AA200BA6200 /* Main.storyboard */; };
		786F48701DE29AA200BA6200 /* Assets.xcassets in Resources */ = {isa = PBXBuildFile; fileRef = 786F486F1DE29AA200BA6200 /* Assets.xcassets */; };
		786F48731DE29AA200BA6200 /* LaunchScreen.storyboard in Resources */ = {isa = PBXBuildFile; fileRef = 786F48711DE29AA200BA6200 /* LaunchScreen.storyboard */; };
		786F48981DE2A09600BA6200 /* Home.storyboard in Resources */ = {isa = PBXBuildFile; fileRef = 786F48961DE2A09600BA6200 /* Home.storyboard */; };
		786F489B1DE2A0BF00BA6200 /* Live.storyboard in Resources */ = {isa = PBXBuildFile; fileRef = 786F48991DE2A0BF00BA6200 /* Live.storyboard */; };
		786F489E1DE2A0D300BA6200 /* Follow.storyboard in Resources */ = {isa = PBXBuildFile; fileRef = 786F489C1DE2A0D300BA6200 /* Follow.storyboard */; };
		786F48A11DE2A0EA00BA6200 /* Profile.storyboard in Resources */ = {isa = PBXBuildFile; fileRef = 786F489F1DE2A0EA00BA6200 /* Profile.storyboard */; };
		786F48C31DE2FACF00BA6200 /* MainViewController.swift in Sources */ = {isa = PBXBuildFile; fileRef = 786F48C21DE2FACF00BA6200 /* MainViewController.swift */; };
		786F48C51DE2FE6B00BA6200 /* HomeViewController.swift in Sources */ = {isa = PBXBuildFile; fileRef = 786F48C41DE2FE6B00BA6200 /* HomeViewController.swift */; };
		786F48C71DE3028400BA6200 /* UIBarButtonItem-Extension.swift in Sources */ = {isa = PBXBuildFile; fileRef = 786F48C61DE3028400BA6200 /* UIBarButtonItem-Extension.swift */; };
		788C24011E9F171100F9A453 /* RecommendViewController.swift in Sources */ = {isa = PBXBuildFile; fileRef = 788C24001E9F171100F9A453 /* RecommendViewController.swift */; };
		78C2A1321E039589003E3EF5 /* PageTitleView.swift in Sources */ = {isa = PBXBuildFile; fileRef = 78C2A1311E039589003E3EF5 /* PageTitleView.swift */; };
		78C2A1341E03CC8B003E3EF5 /* Common.swift in Sources */ = {isa = PBXBuildFile; fileRef = 78C2A1331E03CC8B003E3EF5 /* Common.swift */; };
		F5CE13E0A917C3355B09311B /* Pods_DouYu.framework in Frameworks */ = {isa = PBXBuildFile; fileRef = D1667BC1C4860A19E4627B4A /* Pods_DouYu.framework */; };
/* End PBXBuildFile section */

/* Begin PBXFileReference section */
		7811CD6F1E9F2510007AAEF3 /* CollectionHeaderView.swift */ = {isa = PBXFileReference; fileEncoding = 4; lastKnownFileType = sourcecode.swift; path = CollectionHeaderView.swift; sourceTree = "<group>"; };
		7811CD701E9F2510007AAEF3 /* CollectionHeaderView.xib */ = {isa = PBXFileReference; fileEncoding = 4; lastKnownFileType = file.xib; path = CollectionHeaderView.xib; sourceTree = "<group>"; };
		7811CD731E9F28F3007AAEF3 /* CollectionNormalCell.swift */ = {isa = PBXFileReference; fileEncoding = 4; lastKnownFileType = sourcecode.swift; path = CollectionNormalCell.swift; sourceTree = "<group>"; };
		7811CD741E9F28F3007AAEF3 /* CollectionNormalCell.xib */ = {isa = PBXFileReference; fileEncoding = 4; lastKnownFileType = file.xib; path = CollectionNormalCell.xib; sourceTree = "<group>"; };
		7811CD771E9F3137007AAEF3 /* CollectionPrettyCell.swift */ = {isa = PBXFileReference; fileEncoding = 4; lastKnownFileType = sourcecode.swift; path = CollectionPrettyCell.swift; sourceTree = "<group>"; };
		7811CD781E9F3137007AAEF3 /* CollectionPrettyCell.xib */ = {isa = PBXFileReference; fileEncoding = 4; lastKnownFileType = file.xib; path = CollectionPrettyCell.xib; sourceTree = "<group>"; };
		7811CD7B1E9F4B36007AAEF3 /* NetworkTools.swift */ = {isa = PBXFileReference; fileEncoding = 4; lastKnownFileType = sourcecode.swift; path = NetworkTools.swift; sourceTree = "<group>"; };
		7811CD7D1E9F59CE007AAEF3 /* RecommendViewModel.swift */ = {isa = PBXFileReference; fileEncoding = 4; lastKnownFileType = sourcecode.swift; path = RecommendViewModel.swift; sourceTree = "<group>"; };
		7811CD7F1E9F5AD4007AAEF3 /* NSDate-Extension.swift */ = {isa = PBXFileReference; fileEncoding = 4; lastKnownFileType = sourcecode.swift; path = "NSDate-Extension.swift"; sourceTree = "<group>"; };
		7811CD811E9F7A3C007AAEF3 /* AnchorGroup.swift */ = {isa = PBXFileReference; fileEncoding = 4; lastKnownFileType = sourcecode.swift; path = AnchorGroup.swift; sourceTree = "<group>"; };
		7811CD831E9F8078007AAEF3 /* AnchorModel.swift */ = {isa = PBXFileReference; fileEncoding = 4; lastKnownFileType = sourcecode.swift; path = AnchorModel.swift; sourceTree = "<group>"; };
		782C34481E0D1187001C2ED5 /* PageContentView.swift */ = {isa = PBXFileReference; fileEncoding = 4; lastKnownFileType = sourcecode.swift; path = PageContentView.swift; sourceTree = "<group>"; };
		782C344A1E0D1937001C2ED5 /* UIColor-Extension.swift */ = {isa = PBXFileReference; fileEncoding = 4; lastKnownFileType = sourcecode.swift; path = "UIColor-Extension.swift"; sourceTree = "<group>"; };
		7856C48F1ECED3F30052738F /* CollectionBaseCell.swift */ = {isa = PBXFileReference; fileEncoding = 4; lastKnownFileType = sourcecode.swift; path = CollectionBaseCell.swift; sourceTree = "<group>"; };
		786F48651DE29AA200BA6200 /* DouYu.app */ = {isa = PBXFileReference; explicitFileType = wrapper.application; includeInIndex = 0; path = DouYu.app; sourceTree = BUILT_PRODUCTS_DIR; };
		786F48681DE29AA200BA6200 /* AppDelegate.swift */ = {isa = PBXFileReference; lastKnownFileType = sourcecode.swift; path = AppDelegate.swift; sourceTree = "<group>"; };
		786F486D1DE29AA200BA6200 /* Base */ = {isa = PBXFileReference; lastKnownFileType = file.storyboard; name = Base; path = Base.lproj/Main.storyboard; sourceTree = "<group>"; };
		786F486F1DE29AA200BA6200 /* Assets.xcassets */ = {isa = PBXFileReference; lastKnownFileType = folder.assetcatalog; path = Assets.xcassets; sourceTree = "<group>"; };
		786F48721DE29AA200BA6200 /* Base */ = {isa = PBXFileReference; lastKnownFileType = file.storyboard; name = Base; path = Base.lproj/LaunchScreen.storyboard; sourceTree = "<group>"; };
		786F48741DE29AA200BA6200 /* Info.plist */ = {isa = PBXFileReference; lastKnownFileType = text.plist.xml; path = Info.plist; sourceTree = "<group>"; };
		786F48971DE2A09600BA6200 /* Base */ = {isa = PBXFileReference; lastKnownFileType = file.storyboard; name = Base; path = Base.lproj/Home.storyboard; sourceTree = "<group>"; };
		786F489A1DE2A0BF00BA6200 /* Base */ = {isa = PBXFileReference; lastKnownFileType = file.storyboard; name = Base; path = Base.lproj/Live.storyboard; sourceTree = "<group>"; };
		786F489D1DE2A0D300BA6200 /* Base */ = {isa = PBXFileReference; lastKnownFileType = file.storyboard; name = Base; path = Base.lproj/Follow.storyboard; sourceTree = "<group>"; };
		786F48A01DE2A0EA00BA6200 /* Base */ = {isa = PBXFileReference; lastKnownFileType = file.storyboard; name = Base; path = Base.lproj/Profile.storyboard; sourceTree = "<group>"; };
		786F48C21DE2FACF00BA6200 /* MainViewController.swift */ = {isa = PBXFileReference; fileEncoding = 4; lastKnownFileType = sourcecode.swift; path = MainViewController.swift; sourceTree = "<group>"; };
		786F48C41DE2FE6B00BA6200 /* HomeViewController.swift */ = {isa = PBXFileReference; fileEncoding = 4; lastKnownFileType = sourcecode.swift; path = HomeViewController.swift; sourceTree = "<group>"; };
		786F48C61DE3028400BA6200 /* UIBarButtonItem-Extension.swift */ = {isa = PBXFileReference; fileEncoding = 4; lastKnownFileType = sourcecode.swift; path = "UIBarButtonItem-Extension.swift"; sourceTree = "<group>"; };
		788C24001E9F171100F9A453 /* RecommendViewController.swift */ = {isa = PBXFileReference; fileEncoding = 4; lastKnownFileType = sourcecode.swift; path = RecommendViewController.swift; sourceTree = "<group>"; };
		78C2A1311E039589003E3EF5 /* PageTitleView.swift */ = {isa = PBXFileReference; fileEncoding = 4; lastKnownFileType = sourcecode.swift; path = PageTitleView.swift; sourceTree = "<group>"; };
		78C2A1331E03CC8B003E3EF5 /* Common.swift */ = {isa = PBXFileReference; fileEncoding = 4; lastKnownFileType = sourcecode.swift; path = Common.swift; sourceTree = "<group>"; };
		80FDA8E0B0FD6621D10CA8B2 /* Pods-DouYu.release.xcconfig */ = {isa = PBXFileReference; includeInIndex = 1; lastKnownFileType = text.xcconfig; name = "Pods-DouYu.release.xcconfig"; path = "Pods/Target Support Files/Pods-DouYu/Pods-DouYu.release.xcconfig"; sourceTree = "<group>"; };
		D1667BC1C4860A19E4627B4A /* Pods_DouYu.framework */ = {isa = PBXFileReference; explicitFileType = wrapper.framework; includeInIndex = 0; path = Pods_DouYu.framework; sourceTree = BUILT_PRODUCTS_DIR; };
		D97CA2DEC3AE212197CDD3D9 /* Pods-DouYu.debug.xcconfig */ = {isa = PBXFileReference; includeInIndex = 1; lastKnownFileType = text.xcconfig; name = "Pods-DouYu.debug.xcconfig"; path = "Pods/Target Support Files/Pods-DouYu/Pods-DouYu.debug.xcconfig"; sourceTree = "<group>"; };
/* End PBXFileReference section */

/* Begin PBXFrameworksBuildPhase section */
		786F48621DE29AA200BA6200 /* Frameworks */ = {
			isa = PBXFrameworksBuildPhase;
			buildActionMask = 2147483647;
			files = (
				F5CE13E0A917C3355B09311B /* Pods_DouYu.framework in Frameworks */,
			);
			runOnlyForDeploymentPostprocessing = 0;
		};
/* End PBXFrameworksBuildPhase section */

/* Begin PBXGroup section */
		786F485C1DE29AA100BA6200 = {
			isa = PBXGroup;
			children = (
				786F48671DE29AA200BA6200 /* DouYu */,
				786F48661DE29AA200BA6200 /* Products */,
				C1E6A0C582501EBDE56FD8D4 /* Pods */,
				DF93EF881DF4A077D54D346F /* Frameworks */,
			);
			sourceTree = "<group>";
		};
		786F48661DE29AA200BA6200 /* Products */ = {
			isa = PBXGroup;
			children = (
				786F48651DE29AA200BA6200 /* DouYu.app */,
			);
			name = Products;
			sourceTree = "<group>";
		};
		786F48671DE29AA200BA6200 /* DouYu */ = {
			isa = PBXGroup;
			children = (
				786F48A21DE2ADF700BA6200 /* Classes */,
				786F48681DE29AA200BA6200 /* AppDelegate.swift */,
				786F486F1DE29AA200BA6200 /* Assets.xcassets */,
				786F48711DE29AA200BA6200 /* LaunchScreen.storyboard */,
				786F48741DE29AA200BA6200 /* Info.plist */,
			);
			path = DouYu;
			sourceTree = "<group>";
		};
		786F48A21DE2ADF700BA6200 /* Classes */ = {
			isa = PBXGroup;
			children = (
				786F48B21DE2ADF700BA6200 /* Main */,
				786F48BC1DE2ADF700BA6200 /* Room */,
				786F48A81DE2ADF700BA6200 /* Home */,
				786F48AD1DE2ADF700BA6200 /* Live */,
				786F48A31DE2ADF700BA6200 /* Follow */,
				786F48B71DE2ADF700BA6200 /* Profile */,
				786F48BE1DE2ADF700BA6200 /* Tools */,
			);
			path = Classes;
			sourceTree = "<group>";
		};
		786F48A31DE2ADF700BA6200 /* Follow */ = {
			isa = PBXGroup;
			children = (
				786F48A41DE2ADF700BA6200 /* Controller */,
				786F48A51DE2ADF700BA6200 /* Model */,
				786F48A61DE2ADF700BA6200 /* View */,
				786F48A71DE2ADF700BA6200 /* ViewModel */,
			);
			path = Follow;
			sourceTree = "<group>";
		};
		786F48A41DE2ADF700BA6200 /* Controller */ = {
			isa = PBXGroup;
			children = (
				786F489C1DE2A0D300BA6200 /* Follow.storyboard */,
			);
			path = Controller;
			sourceTree = "<group>";
		};
		786F48A51DE2ADF700BA6200 /* Model */ = {
			isa = PBXGroup;
			children = (
			);
			path = Model;
			sourceTree = "<group>";
		};
		786F48A61DE2ADF700BA6200 /* View */ = {
			isa = PBXGroup;
			children = (
			);
			path = View;
			sourceTree = "<group>";
		};
		786F48A71DE2ADF700BA6200 /* ViewModel */ = {
			isa = PBXGroup;
			children = (
			);
			path = ViewModel;
			sourceTree = "<group>";
		};
		786F48A81DE2ADF700BA6200 /* Home */ = {
			isa = PBXGroup;
			children = (
				786F48A91DE2ADF700BA6200 /* Controller */,
				786F48AA1DE2ADF700BA6200 /* Model */,
				786F48AB1DE2ADF700BA6200 /* View */,
				786F48AC1DE2ADF700BA6200 /* ViewModel */,
			);
			path = Home;
			sourceTree = "<group>";
		};
		786F48A91DE2ADF700BA6200 /* Controller */ = {
			isa = PBXGroup;
			children = (
				786F48961DE2A09600BA6200 /* Home.storyboard */,
				786F48C41DE2FE6B00BA6200 /* HomeViewController.swift */,
				788C24001E9F171100F9A453 /* RecommendViewController.swift */,
			);
			path = Controller;
			sourceTree = "<group>";
		};
		786F48AA1DE2ADF700BA6200 /* Model */ = {
			isa = PBXGroup;
			children = (
			);
			path = Model;
			sourceTree = "<group>";
		};
		786F48AB1DE2ADF700BA6200 /* View */ = {
			isa = PBXGroup;
			children = (
				7811CD6F1E9F2510007AAEF3 /* CollectionHeaderView.swift */,
				7811CD701E9F2510007AAEF3 /* CollectionHeaderView.xib */,
			);
			path = View;
			sourceTree = "<group>";
		};
		786F48AC1DE2ADF700BA6200 /* ViewModel */ = {
			isa = PBXGroup;
			children = (
				7811CD7D1E9F59CE007AAEF3 /* RecommendViewModel.swift */,
			);
			path = ViewModel;
			sourceTree = "<group>";
		};
		786F48AD1DE2ADF700BA6200 /* Live */ = {
			isa = PBXGroup;
			children = (
				786F48AE1DE2ADF700BA6200 /* Controller */,
				786F48AF1DE2ADF700BA6200 /* Model */,
				786F48B01DE2ADF700BA6200 /* View */,
				786F48B11DE2ADF700BA6200 /* ViewModel */,
			);
			path = Live;
			sourceTree = "<group>";
		};
		786F48AE1DE2ADF700BA6200 /* Controller */ = {
			isa = PBXGroup;
			children = (
				786F48991DE2A0BF00BA6200 /* Live.storyboard */,
			);
			path = Controller;
			sourceTree = "<group>";
		};
		786F48AF1DE2ADF700BA6200 /* Model */ = {
			isa = PBXGroup;
			children = (
			);
			path = Model;
			sourceTree = "<group>";
		};
		786F48B01DE2ADF700BA6200 /* View */ = {
			isa = PBXGroup;
			children = (
			);
			path = View;
			sourceTree = "<group>";
		};
		786F48B11DE2ADF700BA6200 /* ViewModel */ = {
			isa = PBXGroup;
			children = (
			);
			path = ViewModel;
			sourceTree = "<group>";
		};
		786F48B21DE2ADF700BA6200 /* Main */ = {
			isa = PBXGroup;
			children = (
				786F48B31DE2ADF700BA6200 /* Controller */,
				786F48B41DE2ADF700BA6200 /* Model */,
				786F48B51DE2ADF700BA6200 /* View */,
				786F48B61DE2ADF700BA6200 /* ViewModel */,
			);
			path = Main;
			sourceTree = "<group>";
		};
		786F48B31DE2ADF700BA6200 /* Controller */ = {
			isa = PBXGroup;
			children = (
				786F486C1DE29AA200BA6200 /* Main.storyboard */,
				786F48C21DE2FACF00BA6200 /* MainViewController.swift */,
			);
			path = Controller;
			sourceTree = "<group>";
		};
		786F48B41DE2ADF700BA6200 /* Model */ = {
			isa = PBXGroup;
			children = (
				7811CD811E9F7A3C007AAEF3 /* AnchorGroup.swift */,
				7811CD831E9F8078007AAEF3 /* AnchorModel.swift */,
			);
			path = Model;
			sourceTree = "<group>";
		};
		786F48B51DE2ADF700BA6200 /* View */ = {
			isa = PBXGroup;
			children = (
				78C2A1311E039589003E3EF5 /* PageTitleView.swift */,
				782C34481E0D1187001C2ED5 /* PageContentView.swift */,
				7811CD731E9F28F3007AAEF3 /* CollectionNormalCell.swift */,
				7811CD741E9F28F3007AAEF3 /* CollectionNormalCell.xib */,
				7811CD771E9F3137007AAEF3 /* CollectionPrettyCell.swift */,
				7811CD781E9F3137007AAEF3 /* CollectionPrettyCell.xib */,
				7856C48F1ECED3F30052738F /* CollectionBaseCell.swift */,
			);
			path = View;
			sourceTree = "<group>";
		};
		786F48B61DE2ADF700BA6200 /* ViewModel */ = {
			isa = PBXGroup;
			children = (
			);
			path = ViewModel;
			sourceTree = "<group>";
		};
		786F48B71DE2ADF700BA6200 /* Profile */ = {
			isa = PBXGroup;
			children = (
				786F48B81DE2ADF700BA6200 /* Controller */,
				786F48B91DE2ADF700BA6200 /* Model */,
				786F48BA1DE2ADF700BA6200 /* View */,
				786F48BB1DE2ADF700BA6200 /* ViewModel */,
			);
			path = Profile;
			sourceTree = "<group>";
		};
		786F48B81DE2ADF700BA6200 /* Controller */ = {
			isa = PBXGroup;
			children = (
				786F489F1DE2A0EA00BA6200 /* Profile.storyboard */,
			);
			path = Controller;
			sourceTree = "<group>";
		};
		786F48B91DE2ADF700BA6200 /* Model */ = {
			isa = PBXGroup;
			children = (
			);
			path = Model;
			sourceTree = "<group>";
		};
		786F48BA1DE2ADF700BA6200 /* View */ = {
			isa = PBXGroup;
			children = (
			);
			path = View;
			sourceTree = "<group>";
		};
		786F48BB1DE2ADF700BA6200 /* ViewModel */ = {
			isa = PBXGroup;
			children = (
			);
			path = ViewModel;
			sourceTree = "<group>";
		};
		786F48BC1DE2ADF700BA6200 /* Room */ = {
			isa = PBXGroup;
			children = (
				786F48BD1DE2ADF700BA6200 /* Controller */,
			);
			path = Room;
			sourceTree = "<group>";
		};
		786F48BD1DE2ADF700BA6200 /* Controller */ = {
			isa = PBXGroup;
			children = (
			);
			path = Controller;
			sourceTree = "<group>";
		};
		786F48BE1DE2ADF700BA6200 /* Tools */ = {
			isa = PBXGroup;
			children = (
				786F48BF1DE2ADF700BA6200 /* Extension */,
				78C2A1331E03CC8B003E3EF5 /* Common.swift */,
				7811CD7B1E9F4B36007AAEF3 /* NetworkTools.swift */,
			);
			path = Tools;
			sourceTree = "<group>";
		};
		786F48BF1DE2ADF700BA6200 /* Extension */ = {
			isa = PBXGroup;
			children = (
				786F48C61DE3028400BA6200 /* UIBarButtonItem-Extension.swift */,
				782C344A1E0D1937001C2ED5 /* UIColor-Extension.swift */,
				7811CD7F1E9F5AD4007AAEF3 /* NSDate-Extension.swift */,
			);
			path = Extension;
			sourceTree = "<group>";
		};
		C1E6A0C582501EBDE56FD8D4 /* Pods */ = {
			isa = PBXGroup;
			children = (
				D97CA2DEC3AE212197CDD3D9 /* Pods-DouYu.debug.xcconfig */,
				80FDA8E0B0FD6621D10CA8B2 /* Pods-DouYu.release.xcconfig */,
			);
			name = Pods;
			sourceTree = "<group>";
		};
		DF93EF881DF4A077D54D346F /* Frameworks */ = {
			isa = PBXGroup;
			children = (
				D1667BC1C4860A19E4627B4A /* Pods_DouYu.framework */,
			);
			name = Frameworks;
			sourceTree = "<group>";
		};
/* End PBXGroup section */

/* Begin PBXNativeTarget section */
		786F48641DE29AA200BA6200 /* DouYu */ = {
			isa = PBXNativeTarget;
			buildConfigurationList = 786F488D1DE29AA200BA6200 /* Build configuration list for PBXNativeTarget "DouYu" */;
			buildPhases = (
				C70DDA067C993D45AE89298C /* [CP] Check Pods Manifest.lock */,
				786F48611DE29AA200BA6200 /* Sources */,
				786F48621DE29AA200BA6200 /* Frameworks */,
				786F48631DE29AA200BA6200 /* Resources */,
				5A6151E25347AB9C3AE596F2 /* [CP] Embed Pods Frameworks */,
				EB1680437009A4B81C71C573 /* [CP] Copy Pods Resources */,
			);
			buildRules = (
			);
			dependencies = (
			);
			name = DouYu;
			productName = DouYu;
			productReference = 786F48651DE29AA200BA6200 /* DouYu.app */;
			productType = "com.apple.product-type.application";
		};
/* End PBXNativeTarget section */

/* Begin PBXProject section */
		786F485D1DE29AA100BA6200 /* Project object */ = {
			isa = PBXProject;
			attributes = {
				LastSwiftUpdateCheck = 0810;
				LastUpgradeCheck = 0830;
				ORGANIZATIONNAME = "满孝意";
				TargetAttributes = {
					786F48641DE29AA200BA6200 = {
						CreatedOnToolsVersion = 8.1;
						DevelopmentTeam = MNJ2KQHT4F;
						LastSwiftMigration = 0820;
						ProvisioningStyle = Automatic;
					};
				};
			};
			buildConfigurationList = 786F48601DE29AA100BA6200 /* Build configuration list for PBXProject "DouYu" */;
			compatibilityVersion = "Xcode 3.2";
			developmentRegion = English;
			hasScannedForEncodings = 0;
			knownRegions = (
				en,
				Base,
			);
			mainGroup = 786F485C1DE29AA100BA6200;
			productRefGroup = 786F48661DE29AA200BA6200 /* Products */;
			projectDirPath = "";
			projectRoot = "";
			targets = (
				786F48641DE29AA200BA6200 /* DouYu */,
			);
		};
/* End PBXProject section */

/* Begin PBXResourcesBuildPhase section */
		786F48631DE29AA200BA6200 /* Resources */ = {
			isa = PBXResourcesBuildPhase;
			buildActionMask = 2147483647;
			files = (
				786F48731DE29AA200BA6200 /* LaunchScreen.storyboard in Resources */,
				7811CD721E9F2510007AAEF3 /* CollectionHeaderView.xib in Resources */,
				786F48701DE29AA200BA6200 /* Assets.xcassets in Resources */,
				786F486E1DE29AA200BA6200 /* Main.storyboard in Resources */,
				786F489B1DE2A0BF00BA6200 /* Live.storyboard in Resources */,
				7811CD761E9F28F3007AAEF3 /* CollectionNormalCell.xib in Resources */,
				786F48981DE2A09600BA6200 /* Home.storyboard in Resources */,
				7811CD7A1E9F3137007AAEF3 /* CollectionPrettyCell.xib in Resources */,
				786F48A11DE2A0EA00BA6200 /* Profile.storyboard in Resources */,
				786F489E1DE2A0D300BA6200 /* Follow.storyboard in Resources */,
			);
			runOnlyForDeploymentPostprocessing = 0;
		};
/* End PBXResourcesBuildPhase section */

/* Begin PBXShellScriptBuildPhase section */
		5A6151E25347AB9C3AE596F2 /* [CP] Embed Pods Frameworks */ = {
			isa = PBXShellScriptBuildPhase;
			buildActionMask = 2147483647;
			files = (
			);
			inputPaths = (
			);
			name = "[CP] Embed Pods Frameworks";
			outputPaths = (
			);
			runOnlyForDeploymentPostprocessing = 0;
			shellPath = /bin/sh;
			shellScript = "\"${SRCROOT}/Pods/Target Support Files/Pods-DouYu/Pods-DouYu-frameworks.sh\"\n";
			showEnvVarsInLog = 0;
		};
		C70DDA067C993D45AE89298C /* [CP] Check Pods Manifest.lock */ = {
			isa = PBXShellScriptBuildPhase;
			buildActionMask = 2147483647;
			files = (
			);
			inputPaths = (
			);
			name = "[CP] Check Pods Manifest.lock";
			outputPaths = (
			);
			runOnlyForDeploymentPostprocessing = 0;
			shellPath = /bin/sh;
			shellScript = "diff \"${PODS_ROOT}/../Podfile.lock\" \"${PODS_ROOT}/Manifest.lock\" > /dev/null\nif [[ $? != 0 ]] ; then\n    cat << EOM\nerror: The sandbox is not in sync with the Podfile.lock. Run 'pod install' or update your CocoaPods installation.\nEOM\n    exit 1\nfi\n";
			showEnvVarsInLog = 0;
		};
		EB1680437009A4B81C71C573 /* [CP] Copy Pods Resources */ = {
			isa = PBXShellScriptBuildPhase;
			buildActionMask = 2147483647;
			files = (
			);
			inputPaths = (
			);
			name = "[CP] Copy Pods Resources";
			outputPaths = (
			);
			runOnlyForDeploymentPostprocessing = 0;
			shellPath = /bin/sh;
			shellScript = "\"${SRCROOT}/Pods/Target Support Files/Pods-DouYu/Pods-DouYu-resources.sh\"\n";
			showEnvVarsInLog = 0;
		};
/* End PBXShellScriptBuildPhase section */

/* Begin PBXSourcesBuildPhase section */
		786F48611DE29AA200BA6200 /* Sources */ = {
			isa = PBXSourcesBuildPhase;
			buildActionMask = 2147483647;
			files = (
				786F48691DE29AA200BA6200 /* AppDelegate.swift in Sources */,
				7811CD711E9F2510007AAEF3 /* CollectionHeaderView.swift in Sources */,
				782C344B1E0D1937001C2ED5 /* UIColor-Extension.swift in Sources */,
				788C24011E9F171100F9A453 /* RecommendViewController.swift in Sources */,
				7811CD821E9F7A3C007AAEF3 /* AnchorGroup.swift in Sources */,
				786F48C31DE2FACF00BA6200 /* MainViewController.swift in Sources */,
				7811CD751E9F28F3007AAEF3 /* CollectionNormalCell.swift in Sources */,
				78C2A1321E039589003E3EF5 /* PageTitleView.swift in Sources */,
				782C34491E0D1187001C2ED5 /* PageContentView.swift in Sources */,
				786F48C71DE3028400BA6200 /* UIBarButtonItem-Extension.swift in Sources */,
				7811CD791E9F3137007AAEF3 /* CollectionPrettyCell.swift in Sources */,
				7811CD801E9F5AD4007AAEF3 /* NSDate-Extension.swift in Sources */,
				7856C4901ECED3F30052738F /* CollectionBaseCell.swift in Sources */,
				78C2A1341E03CC8B003E3EF5 /* Common.swift in Sources */,
				7811CD7C1E9F4B36007AAEF3 /* NetworkTools.swift in Sources */,
				786F48C51DE2FE6B00BA6200 /* HomeViewController.swift in Sources */,
				7811CD7E1E9F59CE007AAEF3 /* RecommendViewModel.swift in Sources */,
				7811CD841E9F8078007AAEF3 /* AnchorModel.swift in Sources */,
			);
			runOnlyForDeploymentPostprocessing = 0;
		};
/* End PBXSourcesBuildPhase section */

/* Begin PBXVariantGroup section */
		786F486C1DE29AA200BA6200 /* Main.storyboard */ = {
			isa = PBXVariantGroup;
			children = (
				786F486D1DE29AA200BA6200 /* Base */,
			);
			name = Main.storyboard;
			path = ../../..;
			sourceTree = "<group>";
		};
		786F48711DE29AA200BA6200 /* LaunchScreen.storyboard */ = {
			isa = PBXVariantGroup;
			children = (
				786F48721DE29AA200BA6200 /* Base */,
			);
			name = LaunchScreen.storyboard;
			sourceTree = "<group>";
		};
		786F48961DE2A09600BA6200 /* Home.storyboard */ = {
			isa = PBXVariantGroup;
			children = (
				786F48971DE2A09600BA6200 /* Base */,
			);
			name = Home.storyboard;
			path = ../../..;
			sourceTree = "<group>";
		};
		786F48991DE2A0BF00BA6200 /* Live.storyboard */ = {
			isa = PBXVariantGroup;
			children = (
				786F489A1DE2A0BF00BA6200 /* Base */,
			);
			name = Live.storyboard;
			path = ../../..;
			sourceTree = "<group>";
		};
		786F489C1DE2A0D300BA6200 /* Follow.storyboard */ = {
			isa = PBXVariantGroup;
			children = (
				786F489D1DE2A0D300BA6200 /* Base */,
			);
			name = Follow.storyboard;
			path = ../../..;
			sourceTree = "<group>";
		};
		786F489F1DE2A0EA00BA6200 /* Profile.storyboard */ = {
			isa = PBXVariantGroup;
			children = (
				786F48A01DE2A0EA00BA6200 /* Base */,
			);
			name = Profile.storyboard;
			path = ../../..;
			sourceTree = "<group>";
		};
/* End PBXVariantGroup section */

/* Begin XCBuildConfiguration section */
		786F488B1DE29AA200BA6200 /* Debug */ = {
			isa = XCBuildConfiguration;
			buildSettings = {
				ALWAYS_SEARCH_USER_PATHS = NO;
				CLANG_ANALYZER_NONNULL = YES;
				CLANG_CXX_LANGUAGE_STANDARD = "gnu++0x";
				CLANG_CXX_LIBRARY = "libc++";
				CLANG_ENABLE_MODULES = YES;
				CLANG_ENABLE_OBJC_ARC = YES;
				CLANG_WARN_BOOL_CONVERSION = YES;
				CLANG_WARN_CONSTANT_CONVERSION = YES;
				CLANG_WARN_DIRECT_OBJC_ISA_USAGE = YES_ERROR;
				CLANG_WARN_DOCUMENTATION_COMMENTS = YES;
				CLANG_WARN_EMPTY_BODY = YES;
				CLANG_WARN_ENUM_CONVERSION = YES;
				CLANG_WARN_INFINITE_RECURSION = YES;
				CLANG_WARN_INT_CONVERSION = YES;
				CLANG_WARN_OBJC_ROOT_CLASS = YES_ERROR;
				CLANG_WARN_SUSPICIOUS_MOVE = YES;
				CLANG_WARN_SUSPICIOUS_MOVES = YES;
				CLANG_WARN_UNREACHABLE_CODE = YES;
				CLANG_WARN__DUPLICATE_METHOD_MATCH = YES;
				"CODE_SIGN_IDENTITY[sdk=iphoneos*]" = "iPhone Developer";
				COPY_PHASE_STRIP = NO;
				DEBUG_INFORMATION_FORMAT = dwarf;
				ENABLE_STRICT_OBJC_MSGSEND = YES;
				ENABLE_TESTABILITY = YES;
				GCC_C_LANGUAGE_STANDARD = gnu99;
				GCC_DYNAMIC_NO_PIC = NO;
				GCC_NO_COMMON_BLOCKS = YES;
				GCC_OPTIMIZATION_LEVEL = 0;
				GCC_PREPROCESSOR_DEFINITIONS = (
					"DEBUG=1",
					"$(inherited)",
				);
				GCC_WARN_64_TO_32_BIT_CONVERSION = YES;
				GCC_WARN_ABOUT_RETURN_TYPE = YES_ERROR;
				GCC_WARN_UNDECLARED_SELECTOR = YES;
				GCC_WARN_UNINITIALIZED_AUTOS = YES_AGGRESSIVE;
				GCC_WARN_UNUSED_FUNCTION = YES;
				GCC_WARN_UNUSED_VARIABLE = YES;
				IPHONEOS_DEPLOYMENT_TARGET = 8.0;
				MTL_ENABLE_DEBUG_INFO = YES;
				ONLY_ACTIVE_ARCH = YES;
				SDKROOT = iphoneos;
				SWIFT_ACTIVE_COMPILATION_CONDITIONS = DEBUG;
				SWIFT_OPTIMIZATION_LEVEL = "-Onone";
			};
			name = Debug;
		};
		786F488C1DE29AA200BA6200 /* Release */ = {
			isa = XCBuildConfiguration;
			buildSettings = {
				ALWAYS_SEARCH_USER_PATHS = NO;
				CLANG_ANALYZER_NONNULL = YES;
				CLANG_CXX_LANGUAGE_STANDARD = "gnu++0x";
				CLANG_CXX_LIBRARY = "libc++";
				CLANG_ENABLE_MODULES = YES;
				CLANG_ENABLE_OBJC_ARC = YES;
				CLANG_WARN_BOOL_CONVERSION = YES;
				CLANG_WARN_CONSTANT_CONVERSION = YES;
				CLANG_WARN_DIRECT_OBJC_ISA_USAGE = YES_ERROR;
				CLANG_WARN_DOCUMENTATION_COMMENTS = YES;
				CLANG_WARN_EMPTY_BODY = YES;
				CLANG_WARN_ENUM_CONVERSION = YES;
				CLANG_WARN_INFINITE_RECURSION = YES;
				CLANG_WARN_INT_CONVERSION = YES;
				CLANG_WARN_OBJC_ROOT_CLASS = YES_ERROR;
				CLANG_WARN_SUSPICIOUS_MOVE = YES;
				CLANG_WARN_SUSPICIOUS_MOVES = YES;
				CLANG_WARN_UNREACHABLE_CODE = YES;
				CLANG_WARN__DUPLICATE_METHOD_MATCH = YES;
				"CODE_SIGN_IDENTITY[sdk=iphoneos*]" = "iPhone Developer";
				COPY_PHASE_STRIP = NO;
				DEBUG_INFORMATION_FORMAT = "dwarf-with-dsym";
				ENABLE_NS_ASSERTIONS = NO;
				ENABLE_STRICT_OBJC_MSGSEND = YES;
				GCC_C_LANGUAGE_STANDARD = gnu99;
				GCC_NO_COMMON_BLOCKS = YES;
				GCC_WARN_64_TO_32_BIT_CONVERSION = YES;
				GCC_WARN_ABOUT_RETURN_TYPE = YES_ERROR;
				GCC_WARN_UNDECLARED_SELECTOR = YES;
				GCC_WARN_UNINITIALIZED_AUTOS = YES_AGGRESSIVE;
				GCC_WARN_UNUSED_FUNCTION = YES;
				GCC_WARN_UNUSED_VARIABLE = YES;
				IPHONEOS_DEPLOYMENT_TARGET = 8.0;
				MTL_ENABLE_DEBUG_INFO = NO;
				SDKROOT = iphoneos;
				SWIFT_OPTIMIZATION_LEVEL = "-Owholemodule";
				VALIDATE_PRODUCT = YES;
			};
			name = Release;
		};
		786F488E1DE29AA200BA6200 /* Debug */ = {
			isa = XCBuildConfiguration;
			baseConfigurationReference = D97CA2DEC3AE212197CDD3D9 /* Pods-DouYu.debug.xcconfig */;
			buildSettings = {
				ALWAYS_EMBED_SWIFT_STANDARD_LIBRARIES = YES;
				ASSETCATALOG_COMPILER_APPICON_NAME = AppIcon;
				ASSETCATALOG_COMPILER_LAUNCHIMAGE_NAME = LaunchImage;
				DEVELOPMENT_TEAM = MNJ2KQHT4F;
				INFOPLIST_FILE = DouYu/Info.plist;
				IPHONEOS_DEPLOYMENT_TARGET = 8.0;
				LD_RUNPATH_SEARCH_PATHS = "$(inherited) @executable_path/Frameworks";
				PRODUCT_BUNDLE_IDENTIFIER = com.woai.DouYu;
				PRODUCT_NAME = "$(TARGET_NAME)";
				SWIFT_VERSION = 3.0;
			};
			name = Debug;
		};
		786F488F1DE29AA200BA6200 /* Release */ = {
			isa = XCBuildConfiguration;
			baseConfigurationReference = 80FDA8E0B0FD6621D10CA8B2 /* Pods-DouYu.release.xcconfig */;
			buildSettings = {
				ALWAYS_EMBED_SWIFT_STANDARD_LIBRARIES = YES;
				ASSETCATALOG_COMPILER_APPICON_NAME = AppIcon;
				ASSETCATALOG_COMPILER_LAUNCHIMAGE_NAME = LaunchImage;
				DEVELOPMENT_TEAM = MNJ2KQHT4F;
				INFOPLIST_FILE = DouYu/Info.plist;
				IPHONEOS_DEPLOYMENT_TARGET = 8.0;
				LD_RUNPATH_SEARCH_PATHS = "$(inherited) @executable_path/Frameworks";
				PRODUCT_BUNDLE_IDENTIFIER = com.woai.DouYu;
				PRODUCT_NAME = "$(TARGET_NAME)";
				SWIFT_VERSION = 3.0;
			};
			name = Release;
		};
/* End XCBuildConfiguration section */

/* Begin XCConfigurationList section */
		786F48601DE29AA100BA6200 /* Build configuration list for PBXProject "DouYu" */ = {
			isa = XCConfigurationList;
			buildConfigurations = (
				786F488B1DE29AA200BA6200 /* Debug */,
				786F488C1DE29AA200BA6200 /* Release */,
			);
			defaultConfigurationIsVisible = 0;
			defaultConfigurationName = Release;
		};
		786F488D1DE29AA200BA6200 /* Build configuration list for PBXNativeTarget "DouYu" */ = {
			isa = XCConfigurationList;
			buildConfigurations = (
				786F488E1DE29AA200BA6200 /* Debug */,
				786F488F1DE29AA200BA6200 /* Release */,
			);
			defaultConfigurationIsVisible = 0;
			defaultConfigurationName = Release;
		};
/* End XCConfigurationList section */
	};
	rootObject = 786F485D1DE29AA100BA6200 /* Project object */;
}
